{
  "name": "ModbusExplorer",
  "lockfileVersion": 3,
  "requires": true,
  "packages": {
    "": {
      "dependencies": {
        "makensis": "^3.0.3"
      }
    },
    "node_modules/@nsis/language-data": {
      "version": "0.9.3",
      "resolved": "https://registry.npmjs.org/@nsis/language-data/-/language-data-0.9.3.tgz",
      "integrity": "sha512-aLATxfBhi+yp41vxk+XCJxAu9pB6l68/QSBbg66wRvjd3AXv+MXncBQqbXL83uOW291L3EZND5MPKtBYU2OXDg==",
      "license": "Zlib"
    },
    "node_modules/makensis": {
      "version": "3.0.3",
      "resolved": "https://registry.npmjs.org/makensis/-/makensis-3.0.3.tgz",
      "integrity": "sha512-lvubGckVEid7AsS4kVa/8qWoD62pvjAHDM+MDh8z5ENTqwv5pNqJzpabFPmjJlhFZSY0BnB6zhwxAC2AEAExIw==",
      "license": "MIT",
      "dependencies": {
        "@nsis/language-data": "^0.9.3"
      },
      "engines": {
        "node": "^18.0.0 || ^20.0.0 || ^22.0.0 || >=24.0.0"
      }
    }
  }
}
